{
  "name": "delta-unity-duckdb",
  "version": "1.0.4",
  "lockfileVersion": 3,
  "requires": true,
  "packages": {
    "": {
      "name": "delta-unity-duckdb",
      "version": "1.0.4",
      "license": "MIT",
      "dependencies": {
        "@duckdb/node-api": "^1.3.2-alpha.25",
        "dotenv": "^16.3.1",
        "node-fetch": "^2.7.0"
      },
      "bin": {
        "delta-unity-duckdb": "delta-unity-duckdb.js"
      },
      "engines": {
        "node": ">=14.0.0"
      }
    },
    "node_modules/@duckdb/node-api": {
      "version": "1.3.2-alpha.25",
      "resolved": "https://registry.npmjs.org/@duckdb/node-api/-/node-api-1.3.2-alpha.25.tgz",
      "integrity": "sha512-AzDyyjTtnYUxoy/MHDFRwfOggDOkS8RBgGA82OI6nla8B9NDNZeAYJ97T3PvCL8cx7y00EtGVN3g03aoW4fRmw==",
      "license": "MIT",
      "dependencies": {
        "@duckdb/node-bindings": "1.3.2-alpha.25"
      }
    },
    "node_modules/@duckdb/node-bindings": {
      "version": "1.3.2-alpha.25",
      "resolved": "https://registry.npmjs.org/@duckdb/node-bindings/-/node-bindings-1.3.2-alpha.25.tgz",
      "integrity": "sha512-FkoSaoeRAi6Em0hs0qzr3SN04ykN99R+Qap5kLwhi6GNPnHzWMU1VrNpK9cE4eBj0n+RWlNK0TiO712dn44QzQ==",
      "license": "MIT",
      "optionalDependencies": {
        "@duckdb/node-bindings-darwin-arm64": "1.3.2-alpha.25",
        "@duckdb/node-bindings-darwin-x64": "1.3.2-alpha.25",
        "@duckdb/node-bindings-linux-arm64": "1.3.2-alpha.25",
        "@duckdb/node-bindings-linux-x64": "1.3.2-alpha.25",
        "@duckdb/node-bindings-win32-x64": "1.3.2-alpha.25"
      }
    },
    "node_modules/@duckdb/node-bindings-darwin-arm64": {
      "version": "1.3.2-alpha.25",
      "resolved": "https://registry.npmjs.org/@duckdb/node-bindings-darwin-arm64/-/node-bindings-darwin-arm64-1.3.2-alpha.25.tgz",
      "integrity": "sha512-vRjzNgkz2TAYW5c2rzPwcHBctBWr0lxQ4blFASAv0DdeGPOeuCMXJUA3982X7iPNwAppH0VMII6cYzON0GA+RA==",
      "cpu": [
        "arm64"
      ],
      "license": "MIT",
      "optional": true,
      "os": [
        "darwin"
      ]
    },
    "node_modules/@duckdb/node-bindings-darwin-x64": {
      "version": "1.3.2-alpha.25",
      "resolved": "https://registry.npmjs.org/@duckdb/node-bindings-darwin-x64/-/node-bindings-darwin-x64-1.3.2-alpha.25.tgz",
      "integrity": "sha512-BSg/DZjT25QZe87+pmdMfE1XlHdi2WxtAO+F2PEXN6VnPeLyTdl5bYlnhOGrDKquKDmUEqok5OwF7mR4QfU+Aw==",
      "cpu": [
        "x64"
      ],
      "license": "MIT",
      "optional": true,
      "os": [
        "darwin"
      ]
    },
    "node_modules/@duckdb/node-bindings-linux-arm64": {
      "version": "1.3.2-alpha.25",
      "resolved": "https://registry.npmjs.org/@duckdb/node-bindings-linux-arm64/-/node-bindings-linux-arm64-1.3.2-alpha.25.tgz",
      "integrity": "sha512-VhjUH/AvolZWDX/URqiIh58JbAB1vYbDgSmQ0wvqhS9jzJ9Sj88urGDw+XWXw49Rr4BhIgDtX70SoARhO2i/Gg==",
      "cpu": [
        "arm64"
      ],
      "license": "MIT",
      "optional": true,
      "os": [
        "linux"
      ]
    },
    "node_modules/@duckdb/node-bindings-linux-x64": {
      "version": "1.3.2-alpha.25",
      "resolved": "https://registry.npmjs.org/@duckdb/node-bindings-linux-x64/-/node-bindings-linux-x64-1.3.2-alpha.25.tgz",
      "integrity": "sha512-raav2ypBiV4TlpnKU9hocsuFDO4ipwIcQQmkMIh20/Qd9vkv35QcQYNqStiZVJh2LAaVoQffNvcKMlclblYqUQ==",
      "cpu": [
        "x64"
      ],
      "license": "MIT",
      "optional": true,
      "os": [
        "linux"
      ]
    },
    "node_modules/@duckdb/node-bindings-win32-x64": {
      "version": "1.3.2-alpha.25",
      "resolved": "https://registry.npmjs.org/@duckdb/node-bindings-win32-x64/-/node-bindings-win32-x64-1.3.2-alpha.25.tgz",
      "integrity": "sha512-/fAKax+xYkdRhkUl3PkL3HfFd1ZsezG1yiOkL0StHBdD3xB80Njm1JGHxx1fO3WWE5XTbE1MTJ5I0xjEzPwsfQ==",
      "cpu": [
        "x64"
      ],
      "license": "MIT",
      "optional": true,
      "os": [
        "win32"
      ]
    },
    "node_modules/dotenv": {
      "version": "16.6.1",
      "resolved": "https://registry.npmjs.org/dotenv/-/dotenv-16.6.1.tgz",
      "integrity": "sha512-uBq4egWHTcTt33a72vpSG0z3HnPuIl6NqYcTrKEg2azoEyl2hpW0zqlxysq2pK9HlDIHyHyakeYaYnSAwd8bow==",
      "license": "BSD-2-Clause",
      "engines": {
        "node": ">=12"
      },
      "funding": {
        "url": "https://dotenvx.com"
      }
    },
    "node_modules/node-fetch": {
      "version": "2.7.0",
      "resolved": "https://registry.npmjs.org/node-fetch/-/node-fetch-2.7.0.tgz",
      "integrity": "sha512-c4FRfUm/dbcWZ7U+1Wq0AwCyFL+3nt2bEw05wfxSz+DWpWsitgmSgYmy2dQdWyKC1694ELPqMs/YzUSNozLt8A==",
      "license": "MIT",
      "dependencies": {
        "whatwg-url": "^5.0.0"
      },
      "engines": {
        "node": "4.x || >=6.0.0"
      },
      "peerDependencies": {
        "encoding": "^0.1.0"
      },
      "peerDependenciesMeta": {
        "encoding": {
          "optional": true
        }
      }
    },
    "node_modules/tr46": {
      "version": "0.0.3",
      "resolved": "https://registry.npmjs.org/tr46/-/tr46-0.0.3.tgz",
      "integrity": "sha512-N3WMsuqV66lT30CrXNbEjx4GEwlow3v6rr4mCcv6prnfwhS01rkgyFdjPNBYd9br7LpXV1+Emh01fHnq2Gdgrw==",
      "license": "MIT"
    },
    "node_modules/webidl-conversions": {
      "version": "3.0.1",
      "resolved": "https://registry.npmjs.org/webidl-conversions/-/webidl-conversions-3.0.1.tgz",
      "integrity": "sha512-2JAn3z8AR6rjK8Sm8orRC0h/bcl/DqL7tRPdGZ4I1CjdF+EaMLmYxBHyXuKL849eucPFhvBoxMsflfOb8kxaeQ==",
      "license": "BSD-2-Clause"
    },
    "node_modules/whatwg-url": {
      "version": "5.0.0",
      "resolved": "https://registry.npmjs.org/whatwg-url/-/whatwg-url-5.0.0.tgz",
      "integrity": "sha512-saE57nupxk6v3HY35+jzBwYa0rKSy0XR8JSxZPwgLr7ys0IBzhGviA1/TUGJLmSVqs8pb9AnvICXEuOHLprYTw==",
      "license": "MIT",
      "dependencies": {
        "tr46": "~0.0.3",
        "webidl-conversions": "^3.0.0"
      }
    }
  }
}
